
Microsoft Visual Studio Solution File, Format Version 12.00
# Visual Studio Version 17
VisualStudioVersion = 17.2.32616.157
MinimumVisualStudioVersion = 10.0.40219.1
Project("{FAE04EC0-301F-11D3-BF4B-00C04F79EFBC}") = "WpfAppProject2", "WpfAppProject2.csproj", "{17206133-7163-4011-8703-8933AB889869}"
EndProject
Global
	GlobalSection(SolutionConfigurationPlatforms) = preSolution
		Debug|Any CPU = Debug|Any CPU
		Release|Any CPU = Release|Any CPU
	EndGlobalSection
	GlobalSection(ProjectConfigurationPlatforms) = postSolution
		{17206133-7163-4011-8703-8933AB889869}.Debug|Any CPU.ActiveCfg = Debug|Any CPU
		{17206133-7163-4011-8703-8933AB889869}.Debug|Any CPU.Build.0 = Debug|Any CPU
		{17206133-7163-4011-8703-8933AB889869}.Release|Any CPU.ActiveCfg = Release|Any CPU
		{17206133-7163-4011-8703-8933AB889869}.Release|Any CPU.Build.0 = Release|Any CPU
	EndGlobalSection
	GlobalSection(SolutionProperties) = preSolution
		HideSolutionNode = FALSE
	EndGlobalSection
	GlobalSection(ExtensibilityGlobals) = postSolution
		SolutionGuid = {920995EF-48EF-46EE-8CA9-B3A96B386A17}
	EndGlobalSection
EndGlobal
